<?xml version="1.0" encoding="utf-8"?>
<Project ToolsVersion="4.0" xmlns="http://schemas.microsoft.com/developer/msbuild/2003">
  <ItemGroup>
    <Filter Include="Unity">
      <UniqueIdentifier>{459f42d1-85bc-40a5-9337-bb2ec2d9612d}</UniqueIdentifier>
    </Filter>
  </ItemGroup>
  <ItemGroup>
    <ClInclude Include="..\Source\Unity\IUnityEventQueue.h">
      <Filter>Unity</Filter>
    </ClInclude>
    <ClInclude Include="..\Source\Unity\IUnityGraphics.h">
      <Filter>Unity</Filter>
    </ClInclude>
    <ClInclude Include="..\Source\Unity\IUnityGraphicsD3D11.h">
      <Filter>Unity</Filter>
    </ClInclude>
    <ClInclude Include="..\Source\Unity\IUnityGraphicsD3D12.h">
      <Filter>Unity</Filter>
    </ClInclude>
    <ClInclude Include="..\Source\Unity\IUnityGraphicsMetal.h">
      <Filter>Unity</Filter>
    </ClInclude>
    <ClInclude Include="..\Source\Unity\IUnityGraphicsVulkan.h">
      <Filter>Unity</Filter>
    </ClInclude>
    <ClInclude Include="..\Source\Unity\IUnityInterface.h">
      <Filter>Unity</Filter>
    </ClInclude>
    <ClInclude Include="..\Source\Unity\IUnityProfilerCallbacks.h">
      <Filter>Unity</Filter>
    </ClInclude>
    <ClInclude Include="..\Source\Unity\IUnityRenderingExtensions.h">
      <Filter>Unity</Filter>
    </ClInclude>
    <ClInclude Include="..\Source\Unity\IUnityShaderCompilerAccess.h">
      <Filter>Unity</Filter>
    </ClInclude>
  </ItemGroup>
</Project>